# THIS IS AN AUTOGENERATED FILE. DO NOT EDIT THIS FILE DIRECTLY.
# yarn lockfile v1


cookie@^1.0.1:
  version "1.0.2"
  resolved "https://registry.yarnpkg.com/cookie/-/cookie-1.0.2.tgz#27360701532116bd3f1f9416929d176afe1e4610"
  integrity sha512-9Kr/j4O16ISv8zBBhJoi4bXOYNTkFLOqSL3UDB0njXxCXNezjeyVrJyGOWtgfs/q2km1gwBcfH8q1yEGoMYunA==

immer@^10.1.1:
  version "10.1.1"
  resolved "https://registry.yarnpkg.com/immer/-/immer-10.1.1.tgz#206f344ea372d8ea176891545ee53ccc062db7bc"
  integrity sha512-s2MPrmjovJcoMaHtx6K11Ra7oD05NT97w1IC5zpMkT6Atjr7H8LjaDd81iIxUYpMKSRRNMJE703M1Fhr/TctHw==

prettier@3.6.2:
  version "3.6.2"
  resolved "https://registry.yarnpkg.com/prettier/-/prettier-3.6.2.tgz#ccda02a1003ebbb2bfda6f83a074978f608b9393"
  integrity sha512-I7AIg5boAr5R0FFtJ6rCfD+LFsWHp81dolrFD8S79U9tb8Az2nGrJncnMSnys+bpQJfRUzqs9hnA81OAA3hCuQ==

react-router-dom@^7.8.0:
  version "7.8.0"
  resolved "https://registry.yarnpkg.com/react-router-dom/-/react-router-dom-7.8.0.tgz#8c5e6f86e6c1f82037586124130df5926fdab10c"
  integrity sha512-ntInsnDVnVRdtSu6ODmTQ41cbluak/ENeTif7GBce0L6eztFg6/e1hXAysFQI8X25C8ipKmT9cClbJwxx3Kaqw==
  dependencies:
    react-router "7.8.0"

react-router@7.8.0:
  version "7.8.0"
  resolved "https://registry.yarnpkg.com/react-router/-/react-router-7.8.0.tgz#2bc07e0a9ff74d88ee38c2f27897e968b8f59170"
  integrity sha512-r15M3+LHKgM4SOapNmsH3smAizWds1vJ0Z9C4mWaKnT9/wD7+d/0jYcj6LmOvonkrO4Rgdyp4KQ/29gWN2i1eg==
  dependencies:
    cookie "^1.0.1"
    set-cookie-parser "^2.6.0"

set-cookie-parser@^2.6.0:
  version "2.7.1"
  resolved "https://registry.yarnpkg.com/set-cookie-parser/-/set-cookie-parser-2.7.1.tgz#3016f150072202dfbe90fadee053573cc89d2943"
  integrity sha512-IOc8uWeOZgnb3ptbCURJWNjWUPcO3ZnTTdzsurqERrP6nPyv+paC55vJM0LpOlT2ne+Ix+9+CRG1MNLlyZ4GjQ==
